
Microsoft Visual Studio Solution File, Format Version 12.00
# Visual Studio Version 17
VisualStudioVersion = 17.4.33205.214
MinimumVisualStudioVersion = 10.0.40219.1
Project("{FAE04EC0-301F-11D3-BF4B-00C04F79EFBC}") = "companies-API", "companies-API\companies-API.csproj", "{B15BD634-3A0A-4BD6-9F65-6679B0E87C31}"
EndProject
Global
	GlobalSection(SolutionConfigurationPlatforms) = preSolution
		Debug|Any CPU = Debug|Any CPU
		Release|Any CPU = Release|Any CPU
	EndGlobalSection
	GlobalSection(ProjectConfigurationPlatforms) = postSolution
		{B15BD634-3A0A-4BD6-9F65-6679B0E87C31}.Debug|Any CPU.ActiveCfg = Debug|Any CPU
		{B15BD634-3A0A-4BD6-9F65-6679B0E87C31}.Debug|Any CPU.Build.0 = Debug|Any CPU
		{B15BD634-3A0A-4BD6-9F65-6679B0E87C31}.Release|Any CPU.ActiveCfg = Release|Any CPU
		{B15BD634-3A0A-4BD6-9F65-6679B0E87C31}.Release|Any CPU.Build.0 = Release|Any CPU
	EndGlobalSection
	GlobalSection(SolutionProperties) = preSolution
		HideSolutionNode = FALSE
	EndGlobalSection
	GlobalSection(ExtensibilityGlobals) = postSolution
		SolutionGuid = {22E9DFF4-8199-4605-A7B6-8E16E47F25C3}
	EndGlobalSection
EndGlobal
